{
  "pins" : [
    {
      "identity" : "abseil-cpp-binary",
      "kind" : "remoteSourceControl",
      "location" : "https://github.com/google/abseil-cpp-binary.git",
      "state" : {
        "revision" : "bfc0b6f81adc06ce5121eb23f628473638d67c5c",
        "version" : "1.2022062300.0"
      }
    },
    {
      "identity" : "alamofire",
      "kind" : "remoteSourceControl",
      "location" : "https://github.com/Alamofire/Alamofire.git",
      "state" : {
        "revision" : "8dd85aee02e39dd280c75eef88ffdb86eed4b07b",
        "version" : "5.6.2"
      }
    },
    {
      "identity" : "alertkit",
      "kind" : "remoteSourceControl",
      "location" : "https://github.com/sparrowcode/AlertKit.git",
      "state" : {
        "revision" : "1da133b6f630f4e11d141ce5c05d09b68200278e",
        "version" : "5.0.1"
      }
    },
    {
      "identity" : "aspvideoplayer",
      "kind" : "remoteSourceControl",
      "location" : "https://github.com/andreipitis/ASPVideoPlayer.git",
      "state" : {
        "revision" : "4b78b96754a469e8bacb6fcb390c038034781257",
        "version" : "6.1.2"
      }
    },
    {
      "identity" : "dynamicblurview",
      "kind" : "remoteSourceControl",
      "location" : "https://github.com/KyoheiG3/DynamicBlurView.git",
      "state" : {
        "revision" : "d69b09d70a689dc7b8ea6aa6de3e63f9e6c545ce",
        "version" : "5.0.5"
      }
    },
    {
      "identity" : "firebase-ios-sdk",
      "kind" : "remoteSourceControl",
      "location" : "https://github.com/firebase/firebase-ios-sdk",
      "state" : {
        "branch" : "master",
        "revision" : "a885d5e023b04273fcce525e1ae236283845d774"
      }
    },
    {
      "identity" : "googleappmeasurement",
      "kind" : "remoteSourceControl",
      "location" : "https://github.com/google/GoogleAppMeasurement.git",
      "state" : {
        "revision" : "03b9beee1a61f62d32c521e172e192a1663a5e8b",
        "version" : "10.13.0"
      }
    },
    {
      "identity" : "googledatatransport",
      "kind" : "remoteSourceControl",
      "location" : "https://github.com/google/GoogleDataTransport.git",
      "state" : {
        "revision" : "5056b15c5acbb90cd214fe4d6138bdf5a740e5a8",
        "version" : "9.2.0"
      }
    },
    {
      "identity" : "googleutilities",
      "kind" : "remoteSourceControl",
      "location" : "https://github.com/google/GoogleUtilities.git",
      "state" : {
        "revision" : "c38ce365d77b04a9a300c31061c5227589e5597b",
        "version" : "7.11.5"
      }
    },
    {
      "identity" : "grpc-binary",
      "kind" : "remoteSourceControl",
      "location" : "https://github.com/google/grpc-binary.git",
      "state" : {
        "revision" : "f1b366129d1125be7db83247e003fc333104b569",
        "version" : "1.50.2"
      }
    },
    {
      "identity" : "gtm-session-fetcher",
      "kind" : "remoteSourceControl",
      "location" : "https://github.com/google/gtm-session-fetcher.git",
      "state" : {
        "revision" : "d4289da23e978f37c344ea6a386e5546e2466294",
        "version" : "2.1.0"
      }
    },
    {
      "identity" : "interop-ios-for-google-sdks",
      "kind" : "remoteSourceControl",
      "location" : "https://github.com/google/interop-ios-for-google-sdks.git",
      "state" : {
        "revision" : "2d12673670417654f08f5f90fdd62926dc3a2648",
        "version" : "100.0.0"
      }
    },
    {
      "identity" : "iosdropdown",
      "kind" : "remoteSourceControl",
      "location" : "https://github.com/jriosdev/iOSDropDown.git",
      "state" : {
        "revision" : "945c4f1945ed37a31055e812a5ee11a3d06e88ab",
        "version" : "0.4.0"
      }
    },
    {
      "identity" : "leveldb",
      "kind" : "remoteSourceControl",
      "location" : "https://github.com/firebase/leveldb.git",
      "state" : {
        "revision" : "0706abcc6b0bd9cedfbb015ba840e4a780b5159b",
        "version" : "1.22.2"
      }
    },
    {
      "identity" : "loady",
      "kind" : "remoteSourceControl",
      "location" : "https://github.com/farshadjahanmanesh/loady",
      "state" : {
        "revision" : "3ef0c35822def0402884257b8eaa18c1f88bea55",
        "version" : "1.0.8"
      }
    },
    {
      "identity" : "nanopb",
      "kind" : "remoteSourceControl",
      "location" : "https://github.com/firebase/nanopb.git",
      "state" : {
        "revision" : "819d0a2173aff699fb8c364b6fb906f7cdb1a692",
        "version" : "2.30909.0"
      }
    },
    {
      "identity" : "popmenu",
      "kind" : "remoteSourceControl",
      "location" : "https://github.com/CaliCastle/PopMenu.git",
      "state" : {
        "branch" : "master",
        "revision" : "60dd4c7a5cc3d0a4262485aa1224f6219be47344"
      }
    },
    {
      "identity" : "popupdialog",
      "kind" : "remoteSourceControl",
      "location" : "https://github.com/Orderella/PopupDialog.git",
      "state" : {
        "branch" : "master",
        "revision" : "d41ac7c7fa7b940c355490281ea8b2fc39c8f599"
      }
    },
    {
      "identity" : "promises",
      "kind" : "remoteSourceControl",
      "location" : "https://github.com/google/promises.git",
      "state" : {
        "revision" : "3e4e743631e86c8c70dbc6efdc7beaa6e90fd3bb",
        "version" : "2.1.1"
      }
    },
    {
      "identity" : "prynttrimmerview",
      "kind" : "remoteSourceControl",
      "location" : "https://github.com/HHK1/PryntTrimmerView",
      "state" : {
        "revision" : "ac1b60a22c7e6a6514de7a66d2f3d5b537c956d5",
        "version" : "4.0.2"
      }
    },
    {
      "identity" : "snapkit",
      "kind" : "remoteSourceControl",
      "location" : "https://github.com/SnapKit/SnapKit.git",
      "state" : {
        "revision" : "f222cbdf325885926566172f6f5f06af95473158",
        "version" : "5.6.0"
      }
    },
    {
      "identity" : "stevia",
      "kind" : "remoteSourceControl",
      "location" : "https://github.com/freshOS/Stevia",
      "state" : {
        "revision" : "cfb1a1d2159277bb553c3dc46f3f742c0275566d",
        "version" : "5.1.2"
      }
    },
    {
      "identity" : "swift-package-manager-google-mobile-ads",
      "kind" : "remoteSourceControl",
      "location" : "https://github.com/googleads/swift-package-manager-google-mobile-ads.git",
      "state" : {
        "branch" : "main",
        "revision" : "4d26ecbe79e7d435403baf76caef6c205153019b"
      }
    },
    {
      "identity" : "swift-package-manager-google-user-messaging-platform",
      "kind" : "remoteSourceControl",
      "location" : "https://github.com/googleads/swift-package-manager-google-user-messaging-platform.git",
      "state" : {
        "revision" : "3b924ce3313a5fd2fc6a8dc889a8c38f76890fe3",
        "version" : "2.0.0"
      }
    },
    {
      "identity" : "swift-protobuf",
      "kind" : "remoteSourceControl",
      "location" : "https://github.com/apple/swift-protobuf.git",
      "state" : {
        "revision" : "88c7d15e1242fdb6ecbafbc7926426a19be1e98a",
        "version" : "1.20.2"
      }
    },
    {
      "identity" : "swifty-rate",
      "kind" : "remoteSourceControl",
      "location" : "https://github.com/crashoverride777/swifty-rate.git",
      "state" : {
        "revision" : "9f934d112d87599eb49334973f9185be2b9881b6",
        "version" : "3.5.6"
      }
    },
    {
      "identity" : "ypimagepicker",
      "kind" : "remoteSourceControl",
      "location" : "https://github.com/Yummypets/YPImagePicker.git",
      "state" : {
        "branch" : "master",
        "revision" : "4ad09560321182b73ed415c543a77bc83b80a3f2"
      }
    }
  ],
  "version" : 2
}
